
Microsoft Visual Studio Solution File, Format Version 12.00
# Visual Studio Version 16
VisualStudioVersion = 16.0.29613.14
MinimumVisualStudioVersion = 10.0.40219.1
Project("{9A19103F-16F7-4668-BE54-9A1E7A4F7556}") = "WebApiKestrel", "src\WebApiKestrel\WebApiKestrel.csproj", "{F739C3C5-F0C2-4742-9665-9F315C4A9B5C}"
EndProject
Global
	GlobalSection(SolutionConfigurationPlatforms) = preSolution
		Debug|Any CPU = Debug|Any CPU
		Release|Any CPU = Release|Any CPU
	EndGlobalSection
	GlobalSection(ProjectConfigurationPlatforms) = postSolution
		{F739C3C5-F0C2-4742-9665-9F315C4A9B5C}.Debug|Any CPU.ActiveCfg = Debug|Any CPU
		{F739C3C5-F0C2-4742-9665-9F315C4A9B5C}.Debug|Any CPU.Build.0 = Debug|Any CPU
		{F739C3C5-F0C2-4742-9665-9F315C4A9B5C}.Release|Any CPU.ActiveCfg = Release|Any CPU
		{F739C3C5-F0C2-4742-9665-9F315C4A9B5C}.Release|Any CPU.Build.0 = Release|Any CPU
	EndGlobalSection
	GlobalSection(SolutionProperties) = preSolution
		HideSolutionNode = FALSE
	EndGlobalSection
	GlobalSection(ExtensibilityGlobals) = postSolution
		SolutionGuid = {989C679D-6017-49B7-B3C8-DB8CB6D5359B}
	EndGlobalSection
EndGlobal
